
Microsoft Visual Studio Solution File, Format Version 12.00
# Visual Studio Version 16
VisualStudioVersion = 16.0.30427.197
MinimumVisualStudioVersion = 10.0.40219.1
Project("{FAE04EC0-301F-11D3-BF4B-00C04F79EFBC}") = "AzureDemoDev", "AzureDemoDev\AzureDemoDev.csproj", "{BFA0F852-FDAB-47B4-9C75-00BC534DABC4}"
EndProject
Global
	GlobalSection(SolutionConfigurationPlatforms) = preSolution
		Debug|Any CPU = Debug|Any CPU
		Release|Any CPU = Release|Any CPU
	EndGlobalSection
	GlobalSection(ProjectConfigurationPlatforms) = postSolution
		{BFA0F852-FDAB-47B4-9C75-00BC534DABC4}.Debug|Any CPU.ActiveCfg = Debug|Any CPU
		{BFA0F852-FDAB-47B4-9C75-00BC534DABC4}.Debug|Any CPU.Build.0 = Debug|Any CPU
		{BFA0F852-FDAB-47B4-9C75-00BC534DABC4}.Release|Any CPU.ActiveCfg = Release|Any CPU
		{BFA0F852-FDAB-47B4-9C75-00BC534DABC4}.Release|Any CPU.Build.0 = Release|Any CPU
	EndGlobalSection
	GlobalSection(SolutionProperties) = preSolution
		HideSolutionNode = FALSE
	EndGlobalSection
	GlobalSection(ExtensibilityGlobals) = postSolution
		SolutionGuid = {ED3995EE-4BCE-45FE-82CF-879E10136270}
	EndGlobalSection
EndGlobal
